
Microsoft Visual Studio Solution File, Format Version 12.00
# Visual Studio Version 16
VisualStudioVersion = 16.0.29209.62
MinimumVisualStudioVersion = 10.0.40219.1
Project("{FAE04EC0-301F-11D3-BF4B-00C04F79EFBC}") = "DCCS.LocalizedString.NetStandard", "DCCS.LocalizedString.NetStandard\DCCS.LocalizedString.NetStandard.csproj", "{AA24F677-E6FA-48B4-81A9-B91D2DE57A70}"
EndProject
Project("{9A19103F-16F7-4668-BE54-9A1E7A4F7556}") = "DCCS.LocalizedString.ProjectResourceCreator", "DCCS.LocalizedString.ProjectResourceCreator\DCCS.LocalizedString.ProjectResourceCreator.csproj", "{BBA1A62D-890C-455B-BEC0-06F1E1137269}"
EndProject
Project("{FAE04EC0-301F-11D3-BF4B-00C04F79EFBC}") = "DCCS.LocalizedString.NetStandard.Tests", "DCCS.LocalizedString.NetStandard.Tests\DCCS.LocalizedString.NetStandard.Tests.csproj", "{559F666F-90C7-4C22-8DEA-9FF5CB033DC4}"
EndProject
Project("{2150E333-8FDC-42A3-9474-1A3956D46DE8}") = "Solution Items", "Solution Items", "{D73A0A3F-B081-4F91-9E1C-0F226A61D793}"
	ProjectSection(SolutionItems) = preProject
		appveyor.yml = appveyor.yml
		README.md = README.md
	EndProjectSection
EndProject
Global
	GlobalSection(SolutionConfigurationPlatforms) = preSolution
		Debug|Any CPU = Debug|Any CPU
		Local.Int|Any CPU = Local.Int|Any CPU
		Release|Any CPU = Release|Any CPU
	EndGlobalSection
	GlobalSection(ProjectConfigurationPlatforms) = postSolution
		{AA24F677-E6FA-48B4-81A9-B91D2DE57A70}.Debug|Any CPU.ActiveCfg = Debug|Any CPU
		{AA24F677-E6FA-48B4-81A9-B91D2DE57A70}.Debug|Any CPU.Build.0 = Debug|Any CPU
		{AA24F677-E6FA-48B4-81A9-B91D2DE57A70}.Local.Int|Any CPU.ActiveCfg = Debug|Any CPU
		{AA24F677-E6FA-48B4-81A9-B91D2DE57A70}.Local.Int|Any CPU.Build.0 = Debug|Any CPU
		{AA24F677-E6FA-48B4-81A9-B91D2DE57A70}.Release|Any CPU.ActiveCfg = Release|Any CPU
		{AA24F677-E6FA-48B4-81A9-B91D2DE57A70}.Release|Any CPU.Build.0 = Release|Any CPU
		{BBA1A62D-890C-455B-BEC0-06F1E1137269}.Debug|Any CPU.ActiveCfg = Debug|Any CPU
		{BBA1A62D-890C-455B-BEC0-06F1E1137269}.Debug|Any CPU.Build.0 = Debug|Any CPU
		{BBA1A62D-890C-455B-BEC0-06F1E1137269}.Local.Int|Any CPU.ActiveCfg = Local.Int|Any CPU
		{BBA1A62D-890C-455B-BEC0-06F1E1137269}.Local.Int|Any CPU.Build.0 = Local.Int|Any CPU
		{BBA1A62D-890C-455B-BEC0-06F1E1137269}.Release|Any CPU.ActiveCfg = Release|Any CPU
		{BBA1A62D-890C-455B-BEC0-06F1E1137269}.Release|Any CPU.Build.0 = Release|Any CPU
		{559F666F-90C7-4C22-8DEA-9FF5CB033DC4}.Debug|Any CPU.ActiveCfg = Debug|Any CPU
		{559F666F-90C7-4C22-8DEA-9FF5CB033DC4}.Debug|Any CPU.Build.0 = Debug|Any CPU
		{559F666F-90C7-4C22-8DEA-9FF5CB033DC4}.Local.Int|Any CPU.ActiveCfg = Debug|Any CPU
		{559F666F-90C7-4C22-8DEA-9FF5CB033DC4}.Local.Int|Any CPU.Build.0 = Debug|Any CPU
		{559F666F-90C7-4C22-8DEA-9FF5CB033DC4}.Release|Any CPU.ActiveCfg = Release|Any CPU
		{559F666F-90C7-4C22-8DEA-9FF5CB033DC4}.Release|Any CPU.Build.0 = Release|Any CPU
	EndGlobalSection
	GlobalSection(SolutionProperties) = preSolution
		HideSolutionNode = FALSE
	EndGlobalSection
	GlobalSection(ExtensibilityGlobals) = postSolution
		SolutionGuid = {67481920-3A0C-41CC-824C-CE1B86B75BCD}
	EndGlobalSection
EndGlobal
